
Microsoft Visual Studio Solution File, Format Version 12.00
# Visual Studio 15
VisualStudioVersion = 15.0.27428.2015
MinimumVisualStudioVersion = 10.0.40219.1
Project("{FAE04EC0-301F-11D3-BF4B-00C04F79EFBC}") = "WinFormTest", "WinFormTest\WinFormTest.csproj", "{B59B4874-4560-45DF-8783-08FE81741AB3}"
EndProject
Project("{FAE04EC0-301F-11D3-BF4B-00C04F79EFBC}") = "MvcAppTest", "MvcAppTest\MvcAppTest.csproj", "{DB19E130-F715-48D4-94DE-A4629C9E16E1}"
EndProject
Project("{FAE04EC0-301F-11D3-BF4B-00C04F79EFBC}") = "ConsoleAppTest", "ConsoleAppTest\ConsoleAppTest.csproj", "{2177251B-8B82-4D56-942D-A914BEA0B7D4}"
EndProject
Project("{FAE04EC0-301F-11D3-BF4B-00C04F79EFBC}") = "MemberMgmt", "MemberMgmt\MemberMgmt.csproj", "{14F991F3-C280-49C8-A0B9-2B76A6590A06}"
EndProject
Global
	GlobalSection(SolutionConfigurationPlatforms) = preSolution
		Debug|Any CPU = Debug|Any CPU
		Debug|Mixed Platforms = Debug|Mixed Platforms
		Debug|x86 = Debug|x86
		Release|Any CPU = Release|Any CPU
		Release|Mixed Platforms = Release|Mixed Platforms
		Release|x86 = Release|x86
	EndGlobalSection
	GlobalSection(ProjectConfigurationPlatforms) = postSolution
		{B59B4874-4560-45DF-8783-08FE81741AB3}.Debug|Any CPU.ActiveCfg = Debug|x86
		{B59B4874-4560-45DF-8783-08FE81741AB3}.Debug|Mixed Platforms.ActiveCfg = Debug|x86
		{B59B4874-4560-45DF-8783-08FE81741AB3}.Debug|x86.ActiveCfg = Debug|x86
		{B59B4874-4560-45DF-8783-08FE81741AB3}.Debug|x86.Build.0 = Debug|x86
		{B59B4874-4560-45DF-8783-08FE81741AB3}.Release|Any CPU.ActiveCfg = Release|x86
		{B59B4874-4560-45DF-8783-08FE81741AB3}.Release|Mixed Platforms.ActiveCfg = Release|x86
		{B59B4874-4560-45DF-8783-08FE81741AB3}.Release|Mixed Platforms.Build.0 = Release|x86
		{B59B4874-4560-45DF-8783-08FE81741AB3}.Release|x86.ActiveCfg = Release|x86
		{B59B4874-4560-45DF-8783-08FE81741AB3}.Release|x86.Build.0 = Release|x86
		{DB19E130-F715-48D4-94DE-A4629C9E16E1}.Debug|Any CPU.ActiveCfg = Debug|Any CPU
		{DB19E130-F715-48D4-94DE-A4629C9E16E1}.Debug|Any CPU.Build.0 = Debug|Any CPU
		{DB19E130-F715-48D4-94DE-A4629C9E16E1}.Debug|Mixed Platforms.ActiveCfg = Debug|Any CPU
		{DB19E130-F715-48D4-94DE-A4629C9E16E1}.Debug|Mixed Platforms.Build.0 = Debug|Any CPU
		{DB19E130-F715-48D4-94DE-A4629C9E16E1}.Debug|x86.ActiveCfg = Debug|Any CPU
		{DB19E130-F715-48D4-94DE-A4629C9E16E1}.Debug|x86.Build.0 = Debug|Any CPU
		{DB19E130-F715-48D4-94DE-A4629C9E16E1}.Release|Any CPU.ActiveCfg = Release|Any CPU
		{DB19E130-F715-48D4-94DE-A4629C9E16E1}.Release|Any CPU.Build.0 = Release|Any CPU
		{DB19E130-F715-48D4-94DE-A4629C9E16E1}.Release|Mixed Platforms.ActiveCfg = Release|Any CPU
		{DB19E130-F715-48D4-94DE-A4629C9E16E1}.Release|Mixed Platforms.Build.0 = Release|Any CPU
		{DB19E130-F715-48D4-94DE-A4629C9E16E1}.Release|x86.ActiveCfg = Release|Any CPU
		{2177251B-8B82-4D56-942D-A914BEA0B7D4}.Debug|Any CPU.ActiveCfg = Debug|Any CPU
		{2177251B-8B82-4D56-942D-A914BEA0B7D4}.Debug|Any CPU.Build.0 = Debug|Any CPU
		{2177251B-8B82-4D56-942D-A914BEA0B7D4}.Debug|Mixed Platforms.ActiveCfg = Debug|Any CPU
		{2177251B-8B82-4D56-942D-A914BEA0B7D4}.Debug|x86.ActiveCfg = Debug|Any CPU
		{2177251B-8B82-4D56-942D-A914BEA0B7D4}.Release|Any CPU.ActiveCfg = Release|Any CPU
		{2177251B-8B82-4D56-942D-A914BEA0B7D4}.Release|Any CPU.Build.0 = Release|Any CPU
		{2177251B-8B82-4D56-942D-A914BEA0B7D4}.Release|Mixed Platforms.ActiveCfg = Release|Any CPU
		{2177251B-8B82-4D56-942D-A914BEA0B7D4}.Release|Mixed Platforms.Build.0 = Release|Any CPU
		{2177251B-8B82-4D56-942D-A914BEA0B7D4}.Release|x86.ActiveCfg = Release|Any CPU
		{14F991F3-C280-49C8-A0B9-2B76A6590A06}.Debug|Any CPU.ActiveCfg = Debug|Any CPU
		{14F991F3-C280-49C8-A0B9-2B76A6590A06}.Debug|Any CPU.Build.0 = Debug|Any CPU
		{14F991F3-C280-49C8-A0B9-2B76A6590A06}.Debug|Mixed Platforms.ActiveCfg = Debug|Any CPU
		{14F991F3-C280-49C8-A0B9-2B76A6590A06}.Debug|x86.ActiveCfg = Debug|Any CPU
		{14F991F3-C280-49C8-A0B9-2B76A6590A06}.Debug|x86.Build.0 = Debug|Any CPU
		{14F991F3-C280-49C8-A0B9-2B76A6590A06}.Release|Any CPU.ActiveCfg = Release|Any CPU
		{14F991F3-C280-49C8-A0B9-2B76A6590A06}.Release|Any CPU.Build.0 = Release|Any CPU
		{14F991F3-C280-49C8-A0B9-2B76A6590A06}.Release|Mixed Platforms.ActiveCfg = Release|Any CPU
		{14F991F3-C280-49C8-A0B9-2B76A6590A06}.Release|Mixed Platforms.Build.0 = Release|Any CPU
		{14F991F3-C280-49C8-A0B9-2B76A6590A06}.Release|x86.ActiveCfg = Release|Any CPU
		{14F991F3-C280-49C8-A0B9-2B76A6590A06}.Release|x86.Build.0 = Release|Any CPU
	EndGlobalSection
	GlobalSection(SolutionProperties) = preSolution
		HideSolutionNode = FALSE
	EndGlobalSection
	GlobalSection(ExtensibilityGlobals) = postSolution
		SolutionGuid = {46F18006-1EB2-4D68-884B-36FD7E588442}
	EndGlobalSection
EndGlobal
